
Microsoft Visual Studio Solution File, Format Version 12.00
# Visual Studio 15
VisualStudioVersion = 15.0.28307.572
MinimumVisualStudioVersion = 10.0.40219.1
Project("{8BC9CEB8-8B4A-11D0-8D11-00A0C91BC942}") = "maze1_hw", "maze1_hw\maze1_hw.vcxproj", "{066F7183-DC49-492E-9F67-04808FFEE473}"
EndProject
Global
	GlobalSection(SolutionConfigurationPlatforms) = preSolution
		Debug|x64 = Debug|x64
		Debug|x86 = Debug|x86
		Release|x64 = Release|x64
		Release|x86 = Release|x86
	EndGlobalSection
	GlobalSection(ProjectConfigurationPlatforms) = postSolution
		{066F7183-DC49-492E-9F67-04808FFEE473}.Debug|x64.ActiveCfg = Debug|x64
		{066F7183-DC49-492E-9F67-04808FFEE473}.Debug|x64.Build.0 = Debug|x64
		{066F7183-DC49-492E-9F67-04808FFEE473}.Debug|x86.ActiveCfg = Debug|Win32
		{066F7183-DC49-492E-9F67-04808FFEE473}.Debug|x86.Build.0 = Debug|Win32
		{066F7183-DC49-492E-9F67-04808FFEE473}.Release|x64.ActiveCfg = Release|x64
		{066F7183-DC49-492E-9F67-04808FFEE473}.Release|x64.Build.0 = Release|x64
		{066F7183-DC49-492E-9F67-04808FFEE473}.Release|x86.ActiveCfg = Release|Win32
		{066F7183-DC49-492E-9F67-04808FFEE473}.Release|x86.Build.0 = Release|Win32
	EndGlobalSection
	GlobalSection(SolutionProperties) = preSolution
		HideSolutionNode = FALSE
	EndGlobalSection
	GlobalSection(ExtensibilityGlobals) = postSolution
		SolutionGuid = {89972298-F4AC-4F11-9AFB-72EF22DBFFA4}
	EndGlobalSection
EndGlobal
